{
  "name": "afiliados",
  "version": "1.0.0",
  "lockfileVersion": 3,
  "requires": true,
  "packages": {
    "": {
      "name": "afiliados",
      "version": "1.0.0",
      "license": "ISC",
      "dependencies": {
        "@google/genai": "^1.27.0"
      }
    },
    "node_modules/@google/genai": {
      "version": "1.27.0",
      "resolved": "https://registry.npmjs.org/@google/genai/-/genai-1.27.0.tgz",
      "integrity": "sha512-Vn1oMhLqQ3J7o4n5G9e7T6M4p0B4F2y4j8w1v8y4r8g3H2x4k3q6u7o3w0h4g2f3d6t5a6j9q4k7e8c0e2a==",
      "license": "Apache-2.0",
      "engines": {
        "node": ">=18.0.0"
      }
    }
  }
}